<Solution>
  <Project Path="Spender.Analytics/Spender.Analytics.csproj" />
  <Project Path="Spender.API/Spender.API.csproj" />
  <Project Path="Spender.Auth/Spender.Auth.csproj" />
  <Project Path="Spender.Categories/Spender.Categories.csproj" />
  <Project Path="Spender.Shared/Spender.Shared.csproj" />
  <Project Path="Spender.Transactions/Spender.Transactions.csproj" />
</Solution>
